// !$*UTF8*$!
{
	archiveVersion = 1;
	classes = {
	};
	objectVersion = 46;
	objects = {

/* Begin PBXBuildFile section */
		602E14A71D7531DE00ECE91B /* AppDelegate.swift in Sources */ = {isa = PBXBuildFile; fileRef = 602E14A61D7531DE00ECE91B /* AppDelegate.swift */; };
		602E14A91D7531DE00ECE91B /* ViewController.swift in Sources */ = {isa = PBXBuildFile; fileRef = 602E14A81D7531DE00ECE91B /* ViewController.swift */; };
		602E14AC1D7531DE00ECE91B /* Main.storyboard in Resources */ = {isa = PBXBuildFile; fileRef = 602E14AA1D7531DE00ECE91B /* Main.storyboard */; };
		602E14AE1D7531DE00ECE91B /* Assets.xcassets in Resources */ = {isa = PBXBuildFile; fileRef = 602E14AD1D7531DE00ECE91B /* Assets.xcassets */; };
		602E14B11D7531DE00ECE91B /* LaunchScreen.storyboard in Resources */ = {isa = PBXBuildFile; fileRef = 602E14AF1D7531DE00ECE91B /* LaunchScreen.storyboard */; };
		602E14B91D7531F000ECE91B /* MapKit.framework in Frameworks */ = {isa = PBXBuildFile; fileRef = 602E14B81D7531F000ECE91B /* MapKit.framework */; };
/* End PBXBuildFile section */

/* Begin PBXFileReference section */
		602E14A31D7531DD00ECE91B /* MapPlay.app */ = {isa = PBXFileReference; explicitFileType = wrapper.application; includeInIndex = 0; path = MapPlay.app; sourceTree = BUILT_PRODUCTS_DIR; };
		602E14A61D7531DE00ECE91B /* AppDelegate.swift */ = {isa = PBXFileReference; lastKnownFileType = sourcecode.swift; path = AppDelegate.swift; sourceTree = "<group>"; };
		602E14A81D7531DE00ECE91B /* ViewController.swift */ = {isa = PBXFileReference; lastKnownFileType = sourcecode.swift; path = ViewController.swift; sourceTree = "<group>"; };
		602E14AB1D7531DE00ECE91B /* Base */ = {isa = PBXFileReference; lastKnownFileType = file.storyboard; name = Base; path = Base.lproj/Main.storyboard; sourceTree = "<group>"; };
		602E14AD1D7531DE00ECE91B /* Assets.xcassets */ = {isa = PBXFileReference; lastKnownFileType = folder.assetcatalog; path = Assets.xcassets; sourceTree = "<group>"; };
		602E14B01D7531DE00ECE91B /* Base */ = {isa = PBXFileReference; lastKnownFileType = file.storyboard; name = Base; path = Base.lproj/LaunchScreen.storyboard; sourceTree = "<group>"; };
		602E14B21D7531DE00ECE91B /* Info.plist */ = {isa = PBXFileReference; lastKnownFileType = text.plist.xml; path = Info.plist; sourceTree = "<group>"; };
		602E14B81D7531F000ECE91B /* MapKit.framework */ = {isa = PBXFileReference; lastKnownFileType = wrapper.framework; name = MapKit.framework; path = System/Library/Frameworks/MapKit.framework; sourceTree = SDKROOT; };
/* End PBXFileReference section */

/* Begin PBXFrameworksBuildPhase section */
		602E14A01D7531DD00ECE91B /* Frameworks */ = {
			isa = PBXFrameworksBuildPhase;
			buildActionMask = 2147483647;
			files = (
				602E14B91D7531F000ECE91B /* MapKit.framework in Frameworks */,
			);
			runOnlyForDeploymentPostprocessing = 0;
		};
/* End PBXFrameworksBuildPhase section */

/* Begin PBXGroup section */
		602E149A1D7531DD00ECE91B = {
			isa = PBXGroup;
			children = (
				602E14B81D7531F000ECE91B /* MapKit.framework */,
				602E14A51D7531DE00ECE91B /* MapPlay */,
				602E14A41D7531DD00ECE91B /* Products */,
			);
			sourceTree = "<group>";
		};
		602E14A41D7531DD00ECE91B /* Products */ = {
			isa = PBXGroup;
			children = (
				602E14A31D7531DD00ECE91B /* MapPlay.app */,
			);
			name = Products;
			sourceTree = "<group>";
		};
		602E14A51D7531DE00ECE91B /* MapPlay */ = {
			isa = PBXGroup;
			children = (
				602E14A61D7531DE00ECE91B /* AppDelegate.swift */,
				602E14A81D7531DE00ECE91B /* ViewController.swift */,
				602E14AA1D7531DE00ECE91B /* Main.storyboard */,
				602E14AD1D7531DE00ECE91B /* Assets.xcassets */,
				602E14AF1D7531DE00ECE91B /* LaunchScreen.storyboard */,
				602E14B21D7531DE00ECE91B /* Info.plist */,
			);
			path = MapPlay;
			sourceTree = "<group>";
		};
/* End PBXGroup section */

/* Begin PBXNativeTarget section */
		602E14A21D7531DD00ECE91B /* MapPlay */ = {
			isa = PBXNativeTarget;
			buildConfigurationList = 602E14B51D7531DE00ECE91B /* Build configuration list for PBXNativeTarget "MapPlay" */;
			buildPhases = (
				602E149F1D7531DD00ECE91B /* Sources */,
				602E14A01D7531DD00ECE91B /* Frameworks */,
				602E14A11D7531DD00ECE91B /* Resources */,
			);
			buildRules = (
			);
			dependencies = (
			);
			name = MapPlay;
			productName = MapPlay;
			productReference = 602E14A31D7531DD00ECE91B /* MapPlay.app */;
			productType = "com.apple.product-type.application";
		};
/* End PBXNativeTarget section */

/* Begin PBXProject section */
		602E149B1D7531DD00ECE91B /* Project object */ = {
			isa = PBXProject;
			attributes = {
				LastSwiftUpdateCheck = 0730;
				LastUpgradeCheck = 0730;
				ORGANIZATIONNAME = Dragonflied;
				TargetAttributes = {
					602E14A21D7531DD00ECE91B = {
						CreatedOnToolsVersion = 7.3;
						SystemCapabilities = {
							com.apple.Maps.iOS = {
								enabled = 1;
							};
						};
					};
				};
			};
			buildConfigurationList = 602E149E1D7531DD00ECE91B /* Build configuration list for PBXProject "MapPlay" */;
			compatibilityVersion = "Xcode 3.2";
			developmentRegion = English;
			hasScannedForEncodings = 0;
			knownRegions = (
				en,
				Base,
			);
			mainGroup = 602E149A1D7531DD00ECE91B;
			productRefGroup = 602E14A41D7531DD00ECE91B /* Products */;
			projectDirPath = "";
			projectRoot = "";
			targets = (
				602E14A21D7531DD00ECE91B /* MapPlay */,
			);
		};
/* End PBXProject section */

/* Begin PBXResourcesBuildPhase section */
		602E14A11D7531DD00ECE91B /* Resources */ = {
			isa = PBXResourcesBuildPhase;
			buildActionMask = 2147483647;
			files = (
				602E14B11D7531DE00ECE91B /* LaunchScreen.storyboard in Resources */,
				602E14AE1D7531DE00ECE91B /* Assets.xcassets in Resources */,
				602E14AC1D7531DE00ECE91B /* Main.storyboard in Resources */,
			);
			runOnlyForDeploymentPostprocessing = 0;
		};
/* End PBXResourcesBuildPhase section */

/* Begin PBXSourcesBuildPhase section */
		602E149F1D7531DD00ECE91B /* Sources */ = {
			isa = PBXSourcesBuildPhase;
			buildActionMask = 2147483647;
			files = (
				602E14A91D7531DE00ECE91B /* ViewController.swift in Sources */,
				602E14A71D7531DE00ECE91B /* AppDelegate.swift in Sources */,
			);
			runOnlyForDeploymentPostprocessing = 0;
		};
/* End PBXSourcesBuildPhase section */

/* Begin PBXVariantGroup section */
		602E14AA1D7531DE00ECE91B /* Main.storyboard */ = {
			isa = PBXVariantGroup;
			children = (
				602E14AB1D7531DE00ECE91B /* Base */,
			);
			name = Main.storyboard;
			sourceTree = "<group>";
		};
		602E14AF1D7531DE00ECE91B /* LaunchScreen.storyboard */ = {
			isa = PBXVariantGroup;
			children = (
				602E14B01D7531DE00ECE91B /* Base */,
			);
			name = LaunchScreen.storyboard;
			sourceTree = "<group>";
		};
/* End PBXVariantGroup section */

/* Begin XCBuildConfiguration section */
		602E14B31D7531DE00ECE91B /* Debug */ = {
			isa = XCBuildConfiguration;
			buildSettings = {
				ALWAYS_SEARCH_USER_PATHS = NO;
				CLANG_ANALYZER_NONNULL = YES;
				CLANG_CXX_LANGUAGE_STANDARD = "gnu++0x";
				CLANG_CXX_LIBRARY = "libc++";
				CLANG_ENABLE_MODULES = YES;
				CLANG_ENABLE_OBJC_ARC = YES;
				CLANG_WARN_BOOL_CONVERSION = YES;
				CLANG_WARN_CONSTANT_CONVERSION = YES;
				CLANG_WARN_DIRECT_OBJC_ISA_USAGE = YES_ERROR;
				CLANG_WARN_EMPTY_BODY = YES;
				CLANG_WARN_ENUM_CONVERSION = YES;
				CLANG_WARN_INT_CONVERSION = YES;
				CLANG_WARN_OBJC_ROOT_CLASS = YES_ERROR;
				CLANG_WARN_UNREACHABLE_CODE = YES;
				CLANG_WARN__DUPLICATE_METHOD_MATCH = YES;
				"CODE_SIGN_IDENTITY[sdk=iphoneos*]" = "iPhone Developer";
				COPY_PHASE_STRIP = NO;
				DEBUG_INFORMATION_FORMAT = dwarf;
				ENABLE_STRICT_OBJC_MSGSEND = YES;
				ENABLE_TESTABILITY = YES;
				GCC_C_LANGUAGE_STANDARD = gnu99;
				GCC_DYNAMIC_NO_PIC = NO;
				GCC_NO_COMMON_BLOCKS = YES;
				GCC_OPTIMIZATION_LEVEL = 0;
				GCC_PREPROCESSOR_DEFINITIONS = (
					"DEBUG=1",
					"$(inherited)",
				);
				GCC_WARN_64_TO_32_BIT_CONVERSION = YES;
				GCC_WARN_ABOUT_RETURN_TYPE = YES_ERROR;
				GCC_WARN_UNDECLARED_SELECTOR = YES;
				GCC_WARN_UNINITIALIZED_AUTOS = YES_AGGRESSIVE;
				GCC_WARN_UNUSED_FUNCTION = YES;
				GCC_WARN_UNUSED_VARIABLE = YES;
				IPHONEOS_DEPLOYMENT_TARGET = 9.3;
				MTL_ENABLE_DEBUG_INFO = YES;
				ONLY_ACTIVE_ARCH = YES;
				SDKROOT = iphoneos;
				SWIFT_OPTIMIZATION_LEVEL = "-Onone";
				TARGETED_DEVICE_FAMILY = "1,2";
			};
			name = Debug;
		};
		602E14B41D7531DE00ECE91B /* Release */ = {
			isa = XCBuildConfiguration;
			buildSettings = {
				ALWAYS_SEARCH_USER_PATHS = NO;
				CLANG_ANALYZER_NONNULL = YES;
				CLANG_CXX_LANGUAGE_STANDARD = "gnu++0x";
				CLANG_CXX_LIBRARY = "libc++";
				CLANG_ENABLE_MODULES = YES;
				CLANG_ENABLE_OBJC_ARC = YES;
				CLANG_WARN_BOOL_CONVERSION = YES;
				CLANG_WARN_CONSTANT_CONVERSION = YES;
				CLANG_WARN_DIRECT_OBJC_ISA_USAGE = YES_ERROR;
				CLANG_WARN_EMPTY_BODY = YES;
				CLANG_WARN_ENUM_CONVERSION = YES;
				CLANG_WARN_INT_CONVERSION = YES;
				CLANG_WARN_OBJC_ROOT_CLASS = YES_ERROR;
				CLANG_WARN_UNREACHABLE_CODE = YES;
				CLANG_WARN__DUPLICATE_METHOD_MATCH = YES;
				"CODE_SIGN_IDENTITY[sdk=iphoneos*]" = "iPhone Developer";
				COPY_PHASE_STRIP = NO;
				DEBUG_INFORMATION_FORMAT = "dwarf-with-dsym";
				ENABLE_NS_ASSERTIONS = NO;
				ENABLE_STRICT_OBJC_MSGSEND = YES;
				GCC_C_LANGUAGE_STANDARD = gnu99;
				GCC_NO_COMMON_BLOCKS = YES;
				GCC_WARN_64_TO_32_BIT_CONVERSION = YES;
				GCC_WARN_ABOUT_RETURN_TYPE = YES_ERROR;
				GCC_WARN_UNDECLARED_SELECTOR = YES;
				GCC_WARN_UNINITIALIZED_AUTOS = YES_AGGRESSIVE;
				GCC_WARN_UNUSED_FUNCTION = YES;
				GCC_WARN_UNUSED_VARIABLE = YES;
				IPHONEOS_DEPLOYMENT_TARGET = 9.3;
				MTL_ENABLE_DEBUG_INFO = NO;
				SDKROOT = iphoneos;
				TARGETED_DEVICE_FAMILY = "1,2";
				VALIDATE_PRODUCT = YES;
			};
			name = Release;
		};
		602E14B61D7531DE00ECE91B /* Debug */ = {
			isa = XCBuildConfiguration;
			buildSettings = {
				ASSETCATALOG_COMPILER_APPICON_NAME = AppIcon;
				INFOPLIST_FILE = MapPlay/Info.plist;
				LD_RUNPATH_SEARCH_PATHS = "$(inherited) @executable_path/Frameworks";
				PRODUCT_BUNDLE_IDENTIFIER = com.Dragonflied.MapPlay;
				PRODUCT_NAME = "$(TARGET_NAME)";
			};
			name = Debug;
		};
		602E14B71D7531DE00ECE91B /* Release */ = {
			isa = XCBuildConfiguration;
			buildSettings = {
				ASSETCATALOG_COMPILER_APPICON_NAME = AppIcon;
				INFOPLIST_FILE = MapPlay/Info.plist;
				LD_RUNPATH_SEARCH_PATHS = "$(inherited) @executable_path/Frameworks";
				PRODUCT_BUNDLE_IDENTIFIER = com.Dragonflied.MapPlay;
				PRODUCT_NAME = "$(TARGET_NAME)";
			};
			name = Release;
		};
/* End XCBuildConfiguration section */

/* Begin XCConfigurationList section */
		602E149E1D7531DD00ECE91B /* Build configuration list for PBXProject "MapPlay" */ = {
			isa = XCConfigurationList;
			buildConfigurations = (
				602E14B31D7531DE00ECE91B /* Debug */,
				602E14B41D7531DE00ECE91B /* Release */,
			);
			defaultConfigurationIsVisible = 0;
			defaultConfigurationName = Release;
		};
		602E14B51D7531DE00ECE91B /* Build configuration list for PBXNativeTarget "MapPlay" */ = {
			isa = XCConfigurationList;
			buildConfigurations = (
				602E14B61D7531DE00ECE91B /* Debug */,
				602E14B71D7531DE00ECE91B /* Release */,
			);
			defaultConfigurationIsVisible = 0;
		};
/* End XCConfigurationList section */
	};
	rootObject = 602E149B1D7531DD00ECE91B /* Project object */;
}
